
Microsoft Visual Studio Solution File, Format Version 12.00
# Visual Studio Version 17
VisualStudioVersion = 17.5.33502.453
MinimumVisualStudioVersion = 10.0.40219.1
Project("{FAE04EC0-301F-11D3-BF4B-00C04F79EFBC}") = "Epic2_Task1", "Epic2_Task1\Epic2_Task1.csproj", "{80296D42-B9A5-40A1-AE32-44DCC8716052}"
EndProject
Global
	GlobalSection(SolutionConfigurationPlatforms) = preSolution
		Debug|Any CPU = Debug|Any CPU
		Release|Any CPU = Release|Any CPU
	EndGlobalSection
	GlobalSection(ProjectConfigurationPlatforms) = postSolution
		{80296D42-B9A5-40A1-AE32-44DCC8716052}.Debug|Any CPU.ActiveCfg = Debug|Any CPU
		{80296D42-B9A5-40A1-AE32-44DCC8716052}.Debug|Any CPU.Build.0 = Debug|Any CPU
		{80296D42-B9A5-40A1-AE32-44DCC8716052}.Release|Any CPU.ActiveCfg = Release|Any CPU
		{80296D42-B9A5-40A1-AE32-44DCC8716052}.Release|Any CPU.Build.0 = Release|Any CPU
	EndGlobalSection
	GlobalSection(SolutionProperties) = preSolution
		HideSolutionNode = FALSE
	EndGlobalSection
	GlobalSection(ExtensibilityGlobals) = postSolution
		SolutionGuid = {EC17466F-8CC4-49A5-98B8-9A1085CCCB6B}
	EndGlobalSection
EndGlobal
